
Microsoft Visual Studio Solution File, Format Version 12.00
# Visual Studio 15
VisualStudioVersion = 15.0.28307.757
MinimumVisualStudioVersion = 10.0.40219.1
Project("{F184B08F-C81C-45F6-A57F-5ABD9991F28F}") = "ReportGalleryWinForms", "ReportGalleryWinForms\ReportGalleryWinForms.vbproj", "{1E430351-72D4-4C2D-ADDF-02D997730718}"
EndProject
Project("{F184B08F-C81C-45F6-A57F-5ABD9991F28F}") = "ReportGalleryWPF", "ReportGalleryWPF\ReportGalleryWPF.vbproj", "{342D7724-DE6C-4EFF-BDF7-61D038E1299C}"
EndProject
Project("{F184B08F-C81C-45F6-A57F-5ABD9991F28F}") = "XpoReportGalleryStorage", "XpoReportGalleryStorage\XpoReportGalleryStorage.vbproj", "{A852A499-1E87-4F87-89C7-FC913C034615}"
EndProject
Global
	GlobalSection(SolutionConfigurationPlatforms) = preSolution
		Debug|Any CPU = Debug|Any CPU
		Release|Any CPU = Release|Any CPU
	EndGlobalSection
	GlobalSection(ProjectConfigurationPlatforms) = postSolution
		{1E430351-72D4-4C2D-ADDF-02D997730718}.Debug|Any CPU.ActiveCfg = Debug|Any CPU
		{1E430351-72D4-4C2D-ADDF-02D997730718}.Debug|Any CPU.Build.0 = Debug|Any CPU
		{1E430351-72D4-4C2D-ADDF-02D997730718}.Release|Any CPU.ActiveCfg = Release|Any CPU
		{1E430351-72D4-4C2D-ADDF-02D997730718}.Release|Any CPU.Build.0 = Release|Any CPU
		{342D7724-DE6C-4EFF-BDF7-61D038E1299C}.Debug|Any CPU.ActiveCfg = Debug|Any CPU
		{342D7724-DE6C-4EFF-BDF7-61D038E1299C}.Debug|Any CPU.Build.0 = Debug|Any CPU
		{342D7724-DE6C-4EFF-BDF7-61D038E1299C}.Release|Any CPU.ActiveCfg = Release|Any CPU
		{342D7724-DE6C-4EFF-BDF7-61D038E1299C}.Release|Any CPU.Build.0 = Release|Any CPU
		{A852A499-1E87-4F87-89C7-FC913C034615}.Debug|Any CPU.ActiveCfg = Debug|Any CPU
		{A852A499-1E87-4F87-89C7-FC913C034615}.Debug|Any CPU.Build.0 = Debug|Any CPU
		{A852A499-1E87-4F87-89C7-FC913C034615}.Release|Any CPU.ActiveCfg = Release|Any CPU
		{A852A499-1E87-4F87-89C7-FC913C034615}.Release|Any CPU.Build.0 = Release|Any CPU
		EndGlobalSection
	GlobalSection(SolutionProperties) = preSolution
		HideSolutionNode = FALSE
	EndGlobalSection
	GlobalSection(ExtensibilityGlobals) = postSolution
		SolutionGuid = {01DFBEE8-91F3-42D1-B010-FDFDB3A0533F}
	EndGlobalSection
EndGlobal
